// !$*UTF8*$!
{
	archiveVersion = 1;
	classes = {
	};
	objectVersion = 56;
	objects = {

/* Begin PBXBuildFile section */
		DA0516D02ADB478700A31629 /* Message.swift in Sources */ = {isa = PBXBuildFile; fileRef = DA0516CF2ADB478700A31629 /* Message.swift */; };
		DA62F3512ADA8E1A009189EB /* sidehustlersApp.swift in Sources */ = {isa = PBXBuildFile; fileRef = DA62F3502ADA8E1A009189EB /* sidehustlersApp.swift */; };
		DA62F3532ADA8E1A009189EB /* ContentView.swift in Sources */ = {isa = PBXBuildFile; fileRef = DA62F3522ADA8E1A009189EB /* ContentView.swift */; };
		DA62F3552ADA8E1C009189EB /* Assets.xcassets in Resources */ = {isa = PBXBuildFile; fileRef = DA62F3542ADA8E1C009189EB /* Assets.xcassets */; };
		DA62F3582ADA8E1C009189EB /* Preview Assets.xcassets in Resources */ = {isa = PBXBuildFile; fileRef = DA62F3572ADA8E1C009189EB /* Preview Assets.xcassets */; };
		DA62F3622ADA8E1C009189EB /* sidehustlersTests.swift in Sources */ = {isa = PBXBuildFile; fileRef = DA62F3612ADA8E1C009189EB /* sidehustlersTests.swift */; };
		DA62F36C2ADA8E1C009189EB /* sidehustlersUITests.swift in Sources */ = {isa = PBXBuildFile; fileRef = DA62F36B2ADA8E1C009189EB /* sidehustlersUITests.swift */; };
		DA62F36E2ADA8E1C009189EB /* sidehustlersUITestsLaunchTests.swift in Sources */ = {isa = PBXBuildFile; fileRef = DA62F36D2ADA8E1C009189EB /* sidehustlersUITestsLaunchTests.swift */; };
		DA62F37B2ADA92D2009189EB /* GoogleService-Info.plist in Resources */ = {isa = PBXBuildFile; fileRef = DA62F37A2ADA92D2009189EB /* GoogleService-Info.plist */; };
		DA62F37E2ADA93B4009189EB /* FirebaseAuth in Frameworks */ = {isa = PBXBuildFile; productRef = DA62F37D2ADA93B4009189EB /* FirebaseAuth */; };
		DA62F3802ADA93B4009189EB /* FirebaseAuthCombine-Community in Frameworks */ = {isa = PBXBuildFile; productRef = DA62F37F2ADA93B4009189EB /* FirebaseAuthCombine-Community */; };
		DA62F3822ADA93B4009189EB /* FirebaseDatabase in Frameworks */ = {isa = PBXBuildFile; productRef = DA62F3812ADA93B4009189EB /* FirebaseDatabase */; };
		DA62F3842ADA93B4009189EB /* FirebaseDatabaseSwift in Frameworks */ = {isa = PBXBuildFile; productRef = DA62F3832ADA93B4009189EB /* FirebaseDatabaseSwift */; };
		DA62F3862ADA93B4009189EB /* FirebaseFirestore in Frameworks */ = {isa = PBXBuildFile; productRef = DA62F3852ADA93B4009189EB /* FirebaseFirestore */; };
		DA62F3882ADA93B4009189EB /* FirebaseFirestoreCombine-Community in Frameworks */ = {isa = PBXBuildFile; productRef = DA62F3872ADA93B4009189EB /* FirebaseFirestoreCombine-Community */; };
		DA62F38A2ADA93B4009189EB /* FirebaseFirestoreSwift in Frameworks */ = {isa = PBXBuildFile; productRef = DA62F3892ADA93B4009189EB /* FirebaseFirestoreSwift */; };
		DA62F38D2ADAA01C009189EB /* HomeView.swift in Sources */ = {isa = PBXBuildFile; fileRef = DA62F38C2ADAA01C009189EB /* HomeView.swift */; };
		DA62F38F2ADAA031009189EB /* MessagesView.swift in Sources */ = {isa = PBXBuildFile; fileRef = DA62F38E2ADAA031009189EB /* MessagesView.swift */; };
		DA62F3912ADAA0E0009189EB /* PostView.swift in Sources */ = {isa = PBXBuildFile; fileRef = DA62F3902ADAA0E0009189EB /* PostView.swift */; };
		DA62F3932ADAA0EF009189EB /* TasksView.swift in Sources */ = {isa = PBXBuildFile; fileRef = DA62F3922ADAA0EF009189EB /* TasksView.swift */; };
		DA62F3952ADAA0FB009189EB /* ProfileView.swift in Sources */ = {isa = PBXBuildFile; fileRef = DA62F3942ADAA0FB009189EB /* ProfileView.swift */; };
		DA62F3972ADAAA14009189EB /* AuthenticationView.swift in Sources */ = {isa = PBXBuildFile; fileRef = DA62F3962ADAAA14009189EB /* AuthenticationView.swift */; };
		DA62F39C2ADACFFB009189EB /* Chores.swift in Sources */ = {isa = PBXBuildFile; fileRef = DA62F39B2ADACFFB009189EB /* Chores.swift */; };
		DA62F3A02ADAD2B7009189EB /* ChoreViewModel.swift in Sources */ = {isa = PBXBuildFile; fileRef = DA62F39F2ADAD2B7009189EB /* ChoreViewModel.swift */; };
		DA6338C12ADD876D00E6FDC2 /* UserSettings.swift in Sources */ = {isa = PBXBuildFile; fileRef = DA6338C02ADD876D00E6FDC2 /* UserSettings.swift */; };
		DAAEDA4F2ADC78CF00B0BD47 /* Contact.swift in Sources */ = {isa = PBXBuildFile; fileRef = DAAEDA4E2ADC78CF00B0BD47 /* Contact.swift */; };
		DAEF92942AE26EB700B449D6 /* MessagesManager.swift in Sources */ = {isa = PBXBuildFile; fileRef = DAEF92932AE26EB700B449D6 /* MessagesManager.swift */; };
/* End PBXBuildFile section */

/* Begin PBXContainerItemProxy section */
		DA62F35E2ADA8E1C009189EB /* PBXContainerItemProxy */ = {
			isa = PBXContainerItemProxy;
			containerPortal = DA62F3452ADA8E1A009189EB /* Project object */;
			proxyType = 1;
			remoteGlobalIDString = DA62F34C2ADA8E1A009189EB;
			remoteInfo = sidehustlers;
		};
		DA62F3682ADA8E1C009189EB /* PBXContainerItemProxy */ = {
			isa = PBXContainerItemProxy;
			containerPortal = DA62F3452ADA8E1A009189EB /* Project object */;
			proxyType = 1;
			remoteGlobalIDString = DA62F34C2ADA8E1A009189EB;
			remoteInfo = sidehustlers;
		};
/* End PBXContainerItemProxy section */

/* Begin PBXFileReference section */
		DA0516CF2ADB478700A31629 /* Message.swift */ = {isa = PBXFileReference; lastKnownFileType = sourcecode.swift; path = Message.swift; sourceTree = "<group>"; };
		DA62F34D2ADA8E1A009189EB /* sidehustlers.app */ = {isa = PBXFileReference; explicitFileType = wrapper.application; includeInIndex = 0; path = sidehustlers.app; sourceTree = BUILT_PRODUCTS_DIR; };
		DA62F3502ADA8E1A009189EB /* sidehustlersApp.swift */ = {isa = PBXFileReference; lastKnownFileType = sourcecode.swift; path = sidehustlersApp.swift; sourceTree = "<group>"; };
		DA62F3522ADA8E1A009189EB /* ContentView.swift */ = {isa = PBXFileReference; lastKnownFileType = sourcecode.swift; path = ContentView.swift; sourceTree = "<group>"; };
		DA62F3542ADA8E1C009189EB /* Assets.xcassets */ = {isa = PBXFileReference; lastKnownFileType = folder.assetcatalog; path = Assets.xcassets; sourceTree = "<group>"; };
		DA62F3572ADA8E1C009189EB /* Preview Assets.xcassets */ = {isa = PBXFileReference; lastKnownFileType = folder.assetcatalog; path = "Preview Assets.xcassets"; sourceTree = "<group>"; };
		DA62F35D2ADA8E1C009189EB /* sidehustlersTests.xctest */ = {isa = PBXFileReference; explicitFileType = wrapper.cfbundle; includeInIndex = 0; path = sidehustlersTests.xctest; sourceTree = BUILT_PRODUCTS_DIR; };
		DA62F3612ADA8E1C009189EB /* sidehustlersTests.swift */ = {isa = PBXFileReference; lastKnownFileType = sourcecode.swift; path = sidehustlersTests.swift; sourceTree = "<group>"; };
		DA62F3672ADA8E1C009189EB /* sidehustlersUITests.xctest */ = {isa = PBXFileReference; explicitFileType = wrapper.cfbundle; includeInIndex = 0; path = sidehustlersUITests.xctest; sourceTree = BUILT_PRODUCTS_DIR; };
		DA62F36B2ADA8E1C009189EB /* sidehustlersUITests.swift */ = {isa = PBXFileReference; lastKnownFileType = sourcecode.swift; path = sidehustlersUITests.swift; sourceTree = "<group>"; };
		DA62F36D2ADA8E1C009189EB /* sidehustlersUITestsLaunchTests.swift */ = {isa = PBXFileReference; lastKnownFileType = sourcecode.swift; path = sidehustlersUITestsLaunchTests.swift; sourceTree = "<group>"; };
		DA62F37A2ADA92D2009189EB /* GoogleService-Info.plist */ = {isa = PBXFileReference; fileEncoding = 4; lastKnownFileType = text.plist.xml; path = "GoogleService-Info.plist"; sourceTree = "<group>"; };
		DA62F38C2ADAA01C009189EB /* HomeView.swift */ = {isa = PBXFileReference; lastKnownFileType = sourcecode.swift; path = HomeView.swift; sourceTree = "<group>"; };
		DA62F38E2ADAA031009189EB /* MessagesView.swift */ = {isa = PBXFileReference; lastKnownFileType = sourcecode.swift; path = MessagesView.swift; sourceTree = "<group>"; };
		DA62F3902ADAA0E0009189EB /* PostView.swift */ = {isa = PBXFileReference; lastKnownFileType = sourcecode.swift; path = PostView.swift; sourceTree = "<group>"; };
		DA62F3922ADAA0EF009189EB /* TasksView.swift */ = {isa = PBXFileReference; lastKnownFileType = sourcecode.swift; path = TasksView.swift; sourceTree = "<group>"; };
		DA62F3942ADAA0FB009189EB /* ProfileView.swift */ = {isa = PBXFileReference; lastKnownFileType = sourcecode.swift; path = ProfileView.swift; sourceTree = "<group>"; };
		DA62F3962ADAAA14009189EB /* AuthenticationView.swift */ = {isa = PBXFileReference; lastKnownFileType = sourcecode.swift; path = AuthenticationView.swift; sourceTree = "<group>"; };
		DA62F39B2ADACFFB009189EB /* Chores.swift */ = {isa = PBXFileReference; lastKnownFileType = sourcecode.swift; path = Chores.swift; sourceTree = "<group>"; };
		DA62F39F2ADAD2B7009189EB /* ChoreViewModel.swift */ = {isa = PBXFileReference; lastKnownFileType = sourcecode.swift; path = ChoreViewModel.swift; sourceTree = "<group>"; };
		DA6338C02ADD876D00E6FDC2 /* UserSettings.swift */ = {isa = PBXFileReference; lastKnownFileType = sourcecode.swift; path = UserSettings.swift; sourceTree = "<group>"; };
		DAAEDA4E2ADC78CF00B0BD47 /* Contact.swift */ = {isa = PBXFileReference; lastKnownFileType = sourcecode.swift; path = Contact.swift; sourceTree = "<group>"; };
		DAEF92932AE26EB700B449D6 /* MessagesManager.swift */ = {isa = PBXFileReference; lastKnownFileType = sourcecode.swift; path = MessagesManager.swift; sourceTree = "<group>"; };
/* End PBXFileReference section */

/* Begin PBXFrameworksBuildPhase section */
		DA62F34A2ADA8E1A009189EB /* Frameworks */ = {
			isa = PBXFrameworksBuildPhase;
			buildActionMask = 2147483647;
			files = (
				DA62F3842ADA93B4009189EB /* FirebaseDatabaseSwift in Frameworks */,
				DA62F3822ADA93B4009189EB /* FirebaseDatabase in Frameworks */,
				DA62F37E2ADA93B4009189EB /* FirebaseAuth in Frameworks */,
				DA62F38A2ADA93B4009189EB /* FirebaseFirestoreSwift in Frameworks */,
				DA62F3882ADA93B4009189EB /* FirebaseFirestoreCombine-Community in Frameworks */,
				DA62F3862ADA93B4009189EB /* FirebaseFirestore in Frameworks */,
				DA62F3802ADA93B4009189EB /* FirebaseAuthCombine-Community in Frameworks */,
			);
			runOnlyForDeploymentPostprocessing = 0;
		};
		DA62F35A2ADA8E1C009189EB /* Frameworks */ = {
			isa = PBXFrameworksBuildPhase;
			buildActionMask = 2147483647;
			files = (
			);
			runOnlyForDeploymentPostprocessing = 0;
		};
		DA62F3642ADA8E1C009189EB /* Frameworks */ = {
			isa = PBXFrameworksBuildPhase;
			buildActionMask = 2147483647;
			files = (
			);
			runOnlyForDeploymentPostprocessing = 0;
		};
/* End PBXFrameworksBuildPhase section */

/* Begin PBXGroup section */
		DA62F3442ADA8E1A009189EB = {
			isa = PBXGroup;
			children = (
				DA62F34F2ADA8E1A009189EB /* sidehustlers */,
				DA62F3602ADA8E1C009189EB /* sidehustlersTests */,
				DA62F36A2ADA8E1C009189EB /* sidehustlersUITests */,
				DA62F34E2ADA8E1A009189EB /* Products */,
			);
			sourceTree = "<group>";
		};
		DA62F34E2ADA8E1A009189EB /* Products */ = {
			isa = PBXGroup;
			children = (
				DA62F34D2ADA8E1A009189EB /* sidehustlers.app */,
				DA62F35D2ADA8E1C009189EB /* sidehustlersTests.xctest */,
				DA62F3672ADA8E1C009189EB /* sidehustlersUITests.xctest */,
			);
			name = Products;
			sourceTree = "<group>";
		};
		DA62F34F2ADA8E1A009189EB /* sidehustlers */ = {
			isa = PBXGroup;
			children = (
				DA62F3982ADAABB2009189EB /* Model */,
				DA62F38B2ADAA006009189EB /* Views */,
				DA62F3502ADA8E1A009189EB /* sidehustlersApp.swift */,
				DA62F3522ADA8E1A009189EB /* ContentView.swift */,
				DA62F37A2ADA92D2009189EB /* GoogleService-Info.plist */,
				DA62F3542ADA8E1C009189EB /* Assets.xcassets */,
				DA62F3562ADA8E1C009189EB /* Preview Content */,
			);
			path = sidehustlers;
			sourceTree = "<group>";
		};
		DA62F3562ADA8E1C009189EB /* Preview Content */ = {
			isa = PBXGroup;
			children = (
				DA62F3572ADA8E1C009189EB /* Preview Assets.xcassets */,
			);
			path = "Preview Content";
			sourceTree = "<group>";
		};
		DA62F3602ADA8E1C009189EB /* sidehustlersTests */ = {
			isa = PBXGroup;
			children = (
				DA62F3612ADA8E1C009189EB /* sidehustlersTests.swift */,
			);
			path = sidehustlersTests;
			sourceTree = "<group>";
		};
		DA62F36A2ADA8E1C009189EB /* sidehustlersUITests */ = {
			isa = PBXGroup;
			children = (
				DA62F36B2ADA8E1C009189EB /* sidehustlersUITests.swift */,
				DA62F36D2ADA8E1C009189EB /* sidehustlersUITestsLaunchTests.swift */,
			);
			path = sidehustlersUITests;
			sourceTree = "<group>";
		};
		DA62F38B2ADAA006009189EB /* Views */ = {
			isa = PBXGroup;
			children = (
				DA62F38C2ADAA01C009189EB /* HomeView.swift */,
				DA62F38E2ADAA031009189EB /* MessagesView.swift */,
				DA62F3902ADAA0E0009189EB /* PostView.swift */,
				DA62F3922ADAA0EF009189EB /* TasksView.swift */,
				DA62F3942ADAA0FB009189EB /* ProfileView.swift */,
				DA62F3962ADAAA14009189EB /* AuthenticationView.swift */,
			);
			path = Views;
			sourceTree = "<group>";
		};
		DA62F3982ADAABB2009189EB /* Model */ = {
			isa = PBXGroup;
			children = (
				DA62F39B2ADACFFB009189EB /* Chores.swift */,
				DA62F39F2ADAD2B7009189EB /* ChoreViewModel.swift */,
				DA0516CF2ADB478700A31629 /* Message.swift */,
				DAAEDA4E2ADC78CF00B0BD47 /* Contact.swift */,
				DA6338C02ADD876D00E6FDC2 /* UserSettings.swift */,
				DAEF92932AE26EB700B449D6 /* MessagesManager.swift */,
			);
			path = Model;
			sourceTree = "<group>";
		};
/* End PBXGroup section */

/* Begin PBXNativeTarget section */
		DA62F34C2ADA8E1A009189EB /* sidehustlers */ = {
			isa = PBXNativeTarget;
			buildConfigurationList = DA62F3712ADA8E1C009189EB /* Build configuration list for PBXNativeTarget "sidehustlers" */;
			buildPhases = (
				DA62F3492ADA8E1A009189EB /* Sources */,
				DA62F34A2ADA8E1A009189EB /* Frameworks */,
				DA62F34B2ADA8E1A009189EB /* Resources */,
			);
			buildRules = (
			);
			dependencies = (
			);
			name = sidehustlers;
			packageProductDependencies = (
				DA62F37D2ADA93B4009189EB /* FirebaseAuth */,
				DA62F37F2ADA93B4009189EB /* FirebaseAuthCombine-Community */,
				DA62F3812ADA93B4009189EB /* FirebaseDatabase */,
				DA62F3832ADA93B4009189EB /* FirebaseDatabaseSwift */,
				DA62F3852ADA93B4009189EB /* FirebaseFirestore */,
				DA62F3872ADA93B4009189EB /* FirebaseFirestoreCombine-Community */,
				DA62F3892ADA93B4009189EB /* FirebaseFirestoreSwift */,
			);
			productName = sidehustlers;
			productReference = DA62F34D2ADA8E1A009189EB /* sidehustlers.app */;
			productType = "com.apple.product-type.application";
		};
		DA62F35C2ADA8E1C009189EB /* sidehustlersTests */ = {
			isa = PBXNativeTarget;
			buildConfigurationList = DA62F3742ADA8E1C009189EB /* Build configuration list for PBXNativeTarget "sidehustlersTests" */;
			buildPhases = (
				DA62F3592ADA8E1C009189EB /* Sources */,
				DA62F35A2ADA8E1C009189EB /* Frameworks */,
				DA62F35B2ADA8E1C009189EB /* Resources */,
			);
			buildRules = (
			);
			dependencies = (
				DA62F35F2ADA8E1C009189EB /* PBXTargetDependency */,
			);
			name = sidehustlersTests;
			productName = sidehustlersTests;
			productReference = DA62F35D2ADA8E1C009189EB /* sidehustlersTests.xctest */;
			productType = "com.apple.product-type.bundle.unit-test";
		};
		DA62F3662ADA8E1C009189EB /* sidehustlersUITests */ = {
			isa = PBXNativeTarget;
			buildConfigurationList = DA62F3772ADA8E1C009189EB /* Build configuration list for PBXNativeTarget "sidehustlersUITests" */;
			buildPhases = (
				DA62F3632ADA8E1C009189EB /* Sources */,
				DA62F3642ADA8E1C009189EB /* Frameworks */,
				DA62F3652ADA8E1C009189EB /* Resources */,
			);
			buildRules = (
			);
			dependencies = (
				DA62F3692ADA8E1C009189EB /* PBXTargetDependency */,
			);
			name = sidehustlersUITests;
			productName = sidehustlersUITests;
			productReference = DA62F3672ADA8E1C009189EB /* sidehustlersUITests.xctest */;
			productType = "com.apple.product-type.bundle.ui-testing";
		};
/* End PBXNativeTarget section */

/* Begin PBXProject section */
		DA62F3452ADA8E1A009189EB /* Project object */ = {
			isa = PBXProject;
			attributes = {
				BuildIndependentTargetsInParallel = 1;
				LastSwiftUpdateCheck = 1430;
				LastUpgradeCheck = 1430;
				TargetAttributes = {
					DA62F34C2ADA8E1A009189EB = {
						CreatedOnToolsVersion = 14.3.1;
					};
					DA62F35C2ADA8E1C009189EB = {
						CreatedOnToolsVersion = 14.3.1;
						TestTargetID = DA62F34C2ADA8E1A009189EB;
					};
					DA62F3662ADA8E1C009189EB = {
						CreatedOnToolsVersion = 14.3.1;
						TestTargetID = DA62F34C2ADA8E1A009189EB;
					};
				};
			};
			buildConfigurationList = DA62F3482ADA8E1A009189EB /* Build configuration list for PBXProject "sidehustlers" */;
			compatibilityVersion = "Xcode 14.0";
			developmentRegion = en;
			hasScannedForEncodings = 0;
			knownRegions = (
				en,
				Base,
			);
			mainGroup = DA62F3442ADA8E1A009189EB;
			packageReferences = (
				DA62F37C2ADA93B4009189EB /* XCRemoteSwiftPackageReference "firebase-ios-sdk" */,
			);
			productRefGroup = DA62F34E2ADA8E1A009189EB /* Products */;
			projectDirPath = "";
			projectRoot = "";
			targets = (
				DA62F34C2ADA8E1A009189EB /* sidehustlers */,
				DA62F35C2ADA8E1C009189EB /* sidehustlersTests */,
				DA62F3662ADA8E1C009189EB /* sidehustlersUITests */,
			);
		};
/* End PBXProject section */

/* Begin PBXResourcesBuildPhase section */
		DA62F34B2ADA8E1A009189EB /* Resources */ = {
			isa = PBXResourcesBuildPhase;
			buildActionMask = 2147483647;
			files = (
				DA62F3582ADA8E1C009189EB /* Preview Assets.xcassets in Resources */,
				DA62F3552ADA8E1C009189EB /* Assets.xcassets in Resources */,
				DA62F37B2ADA92D2009189EB /* GoogleService-Info.plist in Resources */,
			);
			runOnlyForDeploymentPostprocessing = 0;
		};
		DA62F35B2ADA8E1C009189EB /* Resources */ = {
			isa = PBXResourcesBuildPhase;
			buildActionMask = 2147483647;
			files = (
			);
			runOnlyForDeploymentPostprocessing = 0;
		};
		DA62F3652ADA8E1C009189EB /* Resources */ = {
			isa = PBXResourcesBuildPhase;
			buildActionMask = 2147483647;
			files = (
			);
			runOnlyForDeploymentPostprocessing = 0;
		};
/* End PBXResourcesBuildPhase section */

/* Begin PBXSourcesBuildPhase section */
		DA62F3492ADA8E1A009189EB /* Sources */ = {
			isa = PBXSourcesBuildPhase;
			buildActionMask = 2147483647;
			files = (
				DAAEDA4F2ADC78CF00B0BD47 /* Contact.swift in Sources */,
				DA62F38F2ADAA031009189EB /* MessagesView.swift in Sources */,
				DA62F38D2ADAA01C009189EB /* HomeView.swift in Sources */,
				DA62F3532ADA8E1A009189EB /* ContentView.swift in Sources */,
				DA62F3912ADAA0E0009189EB /* PostView.swift in Sources */,
				DA62F3932ADAA0EF009189EB /* TasksView.swift in Sources */,
				DA62F39C2ADACFFB009189EB /* Chores.swift in Sources */,
				DA0516D02ADB478700A31629 /* Message.swift in Sources */,
				DA62F3952ADAA0FB009189EB /* ProfileView.swift in Sources */,
				DA62F3972ADAAA14009189EB /* AuthenticationView.swift in Sources */,
				DA62F3A02ADAD2B7009189EB /* ChoreViewModel.swift in Sources */,
				DA6338C12ADD876D00E6FDC2 /* UserSettings.swift in Sources */,
				DA62F3512ADA8E1A009189EB /* sidehustlersApp.swift in Sources */,
				DAEF92942AE26EB700B449D6 /* MessagesManager.swift in Sources */,
			);
			runOnlyForDeploymentPostprocessing = 0;
		};
		DA62F3592ADA8E1C009189EB /* Sources */ = {
			isa = PBXSourcesBuildPhase;
			buildActionMask = 2147483647;
			files = (
				DA62F3622ADA8E1C009189EB /* sidehustlersTests.swift in Sources */,
			);
			runOnlyForDeploymentPostprocessing = 0;
		};
		DA62F3632ADA8E1C009189EB /* Sources */ = {
			isa = PBXSourcesBuildPhase;
			buildActionMask = 2147483647;
			files = (
				DA62F36C2ADA8E1C009189EB /* sidehustlersUITests.swift in Sources */,
				DA62F36E2ADA8E1C009189EB /* sidehustlersUITestsLaunchTests.swift in Sources */,
			);
			runOnlyForDeploymentPostprocessing = 0;
		};
/* End PBXSourcesBuildPhase section */

/* Begin PBXTargetDependency section */
		DA62F35F2ADA8E1C009189EB /* PBXTargetDependency */ = {
			isa = PBXTargetDependency;
			target = DA62F34C2ADA8E1A009189EB /* sidehustlers */;
			targetProxy = DA62F35E2ADA8E1C009189EB /* PBXContainerItemProxy */;
		};
		DA62F3692ADA8E1C009189EB /* PBXTargetDependency */ = {
			isa = PBXTargetDependency;
			target = DA62F34C2ADA8E1A009189EB /* sidehustlers */;
			targetProxy = DA62F3682ADA8E1C009189EB /* PBXContainerItemProxy */;
		};
/* End PBXTargetDependency section */

/* Begin XCBuildConfiguration section */
		DA62F36F2ADA8E1C009189EB /* Debug */ = {
			isa = XCBuildConfiguration;
			buildSettings = {
				ALWAYS_SEARCH_USER_PATHS = NO;
				CLANG_ANALYZER_NONNULL = YES;
				CLANG_ANALYZER_NUMBER_OBJECT_CONVERSION = YES_AGGRESSIVE;
				CLANG_CXX_LANGUAGE_STANDARD = "gnu++20";
				CLANG_ENABLE_MODULES = YES;
				CLANG_ENABLE_OBJC_ARC = YES;
				CLANG_ENABLE_OBJC_WEAK = YES;
				CLANG_WARN_BLOCK_CAPTURE_AUTORELEASING = YES;
				CLANG_WARN_BOOL_CONVERSION = YES;
				CLANG_WARN_COMMA = YES;
				CLANG_WARN_CONSTANT_CONVERSION = YES;
				CLANG_WARN_DEPRECATED_OBJC_IMPLEMENTATIONS = YES;
				CLANG_WARN_DIRECT_OBJC_ISA_USAGE = YES_ERROR;
				CLANG_WARN_DOCUMENTATION_COMMENTS = YES;
				CLANG_WARN_EMPTY_BODY = YES;
				CLANG_WARN_ENUM_CONVERSION = YES;
				CLANG_WARN_INFINITE_RECURSION = YES;
				CLANG_WARN_INT_CONVERSION = YES;
				CLANG_WARN_NON_LITERAL_NULL_CONVERSION = YES;
				CLANG_WARN_OBJC_IMPLICIT_RETAIN_SELF = YES;
				CLANG_WARN_OBJC_LITERAL_CONVERSION = YES;
				CLANG_WARN_OBJC_ROOT_CLASS = YES_ERROR;
				CLANG_WARN_QUOTED_INCLUDE_IN_FRAMEWORK_HEADER = YES;
				CLANG_WARN_RANGE_LOOP_ANALYSIS = YES;
				CLANG_WARN_STRICT_PROTOTYPES = YES;
				CLANG_WARN_SUSPICIOUS_MOVE = YES;
				CLANG_WARN_UNGUARDED_AVAILABILITY = YES_AGGRESSIVE;
				CLANG_WARN_UNREACHABLE_CODE = YES;
				CLANG_WARN__DUPLICATE_METHOD_MATCH = YES;
				COPY_PHASE_STRIP = NO;
				DEBUG_INFORMATION_FORMAT = dwarf;
				ENABLE_STRICT_OBJC_MSGSEND = YES;
				ENABLE_TESTABILITY = YES;
				GCC_C_LANGUAGE_STANDARD = gnu11;
				GCC_DYNAMIC_NO_PIC = NO;
				GCC_NO_COMMON_BLOCKS = YES;
				GCC_OPTIMIZATION_LEVEL = 0;
				GCC_PREPROCESSOR_DEFINITIONS = (
					"DEBUG=1",
					"$(inherited)",
				);
				GCC_WARN_64_TO_32_BIT_CONVERSION = YES;
				GCC_WARN_ABOUT_RETURN_TYPE = YES_ERROR;
				GCC_WARN_UNDECLARED_SELECTOR = YES;
				GCC_WARN_UNINITIALIZED_AUTOS = YES_AGGRESSIVE;
				GCC_WARN_UNUSED_FUNCTION = YES;
				GCC_WARN_UNUSED_VARIABLE = YES;
				IPHONEOS_DEPLOYMENT_TARGET = 16.4;
				MTL_ENABLE_DEBUG_INFO = INCLUDE_SOURCE;
				MTL_FAST_MATH = YES;
				ONLY_ACTIVE_ARCH = YES;
				SDKROOT = iphoneos;
				SWIFT_ACTIVE_COMPILATION_CONDITIONS = DEBUG;
				SWIFT_OPTIMIZATION_LEVEL = "-Onone";
			};
			name = Debug;
		};
		DA62F3702ADA8E1C009189EB /* Release */ = {
			isa = XCBuildConfiguration;
			buildSettings = {
				ALWAYS_SEARCH_USER_PATHS = NO;
				CLANG_ANALYZER_NONNULL = YES;
				CLANG_ANALYZER_NUMBER_OBJECT_CONVERSION = YES_AGGRESSIVE;
				CLANG_CXX_LANGUAGE_STANDARD = "gnu++20";
				CLANG_ENABLE_MODULES = YES;
				CLANG_ENABLE_OBJC_ARC = YES;
				CLANG_ENABLE_OBJC_WEAK = YES;
				CLANG_WARN_BLOCK_CAPTURE_AUTORELEASING = YES;
				CLANG_WARN_BOOL_CONVERSION = YES;
				CLANG_WARN_COMMA = YES;
				CLANG_WARN_CONSTANT_CONVERSION = YES;
				CLANG_WARN_DEPRECATED_OBJC_IMPLEMENTATIONS = YES;
				CLANG_WARN_DIRECT_OBJC_ISA_USAGE = YES_ERROR;
				CLANG_WARN_DOCUMENTATION_COMMENTS = YES;
				CLANG_WARN_EMPTY_BODY = YES;
				CLANG_WARN_ENUM_CONVERSION = YES;
				CLANG_WARN_INFINITE_RECURSION = YES;
				CLANG_WARN_INT_CONVERSION = YES;
				CLANG_WARN_NON_LITERAL_NULL_CONVERSION = YES;
				CLANG_WARN_OBJC_IMPLICIT_RETAIN_SELF = YES;
				CLANG_WARN_OBJC_LITERAL_CONVERSION = YES;
				CLANG_WARN_OBJC_ROOT_CLASS = YES_ERROR;
				CLANG_WARN_QUOTED_INCLUDE_IN_FRAMEWORK_HEADER = YES;
				CLANG_WARN_RANGE_LOOP_ANALYSIS = YES;
				CLANG_WARN_STRICT_PROTOTYPES = YES;
				CLANG_WARN_SUSPICIOUS_MOVE = YES;
				CLANG_WARN_UNGUARDED_AVAILABILITY = YES_AGGRESSIVE;
				CLANG_WARN_UNREACHABLE_CODE = YES;
				CLANG_WARN__DUPLICATE_METHOD_MATCH = YES;
				COPY_PHASE_STRIP = NO;
				DEBUG_INFORMATION_FORMAT = "dwarf-with-dsym";
				ENABLE_NS_ASSERTIONS = NO;
				ENABLE_STRICT_OBJC_MSGSEND = YES;
				GCC_C_LANGUAGE_STANDARD = gnu11;
				GCC_NO_COMMON_BLOCKS = YES;
				GCC_WARN_64_TO_32_BIT_CONVERSION = YES;
				GCC_WARN_ABOUT_RETURN_TYPE = YES_ERROR;
				GCC_WARN_UNDECLARED_SELECTOR = YES;
				GCC_WARN_UNINITIALIZED_AUTOS = YES_AGGRESSIVE;
				GCC_WARN_UNUSED_FUNCTION = YES;
				GCC_WARN_UNUSED_VARIABLE = YES;
				IPHONEOS_DEPLOYMENT_TARGET = 16.4;
				MTL_ENABLE_DEBUG_INFO = NO;
				MTL_FAST_MATH = YES;
				SDKROOT = iphoneos;
				SWIFT_COMPILATION_MODE = wholemodule;
				SWIFT_OPTIMIZATION_LEVEL = "-O";
				VALIDATE_PRODUCT = YES;
			};
			name = Release;
		};
		DA62F3722ADA8E1C009189EB /* Debug */ = {
			isa = XCBuildConfiguration;
			buildSettings = {
				ASSETCATALOG_COMPILER_APPICON_NAME = AppIcon;
				ASSETCATALOG_COMPILER_GLOBAL_ACCENT_COLOR_NAME = AccentColor;
				CODE_SIGN_STYLE = Automatic;
				CURRENT_PROJECT_VERSION = 1;
				DEVELOPMENT_ASSET_PATHS = "\"sidehustlers/Preview Content\"";
				ENABLE_PREVIEWS = YES;
				GENERATE_INFOPLIST_FILE = YES;
				INFOPLIST_KEY_UIApplicationSceneManifest_Generation = YES;
				INFOPLIST_KEY_UIApplicationSupportsIndirectInputEvents = YES;
				INFOPLIST_KEY_UILaunchScreen_Generation = YES;
				INFOPLIST_KEY_UISupportedInterfaceOrientations_iPad = "UIInterfaceOrientationPortrait UIInterfaceOrientationPortraitUpsideDown UIInterfaceOrientationLandscapeLeft UIInterfaceOrientationLandscapeRight";
				INFOPLIST_KEY_UISupportedInterfaceOrientations_iPhone = "UIInterfaceOrientationPortrait UIInterfaceOrientationLandscapeLeft UIInterfaceOrientationLandscapeRight";
				LD_RUNPATH_SEARCH_PATHS = (
					"$(inherited)",
					"@executable_path/Frameworks",
				);
				MARKETING_VERSION = 1.0;
				PRODUCT_BUNDLE_IDENTIFIER = com.robertrovenko.sidehustlers;
				PRODUCT_NAME = "$(TARGET_NAME)";
				SWIFT_EMIT_LOC_STRINGS = YES;
				SWIFT_VERSION = 5.0;
				TARGETED_DEVICE_FAMILY = "1,2";
			};
			name = Debug;
		};
		DA62F3732ADA8E1C009189EB /* Release */ = {
			isa = XCBuildConfiguration;
			buildSettings = {
				ASSETCATALOG_COMPILER_APPICON_NAME = AppIcon;
				ASSETCATALOG_COMPILER_GLOBAL_ACCENT_COLOR_NAME = AccentColor;
				CODE_SIGN_STYLE = Automatic;
				CURRENT_PROJECT_VERSION = 1;
				DEVELOPMENT_ASSET_PATHS = "\"sidehustlers/Preview Content\"";
				ENABLE_PREVIEWS = YES;
				GENERATE_INFOPLIST_FILE = YES;
				INFOPLIST_KEY_UIApplicationSceneManifest_Generation = YES;
				INFOPLIST_KEY_UIApplicationSupportsIndirectInputEvents = YES;
				INFOPLIST_KEY_UILaunchScreen_Generation = YES;
				INFOPLIST_KEY_UISupportedInterfaceOrientations_iPad = "UIInterfaceOrientationPortrait UIInterfaceOrientationPortraitUpsideDown UIInterfaceOrientationLandscapeLeft UIInterfaceOrientationLandscapeRight";
				INFOPLIST_KEY_UISupportedInterfaceOrientations_iPhone = "UIInterfaceOrientationPortrait UIInterfaceOrientationLandscapeLeft UIInterfaceOrientationLandscapeRight";
				LD_RUNPATH_SEARCH_PATHS = (
					"$(inherited)",
					"@executable_path/Frameworks",
				);
				MARKETING_VERSION = 1.0;
				PRODUCT_BUNDLE_IDENTIFIER = com.robertrovenko.sidehustlers;
				PRODUCT_NAME = "$(TARGET_NAME)";
				SWIFT_EMIT_LOC_STRINGS = YES;
				SWIFT_VERSION = 5.0;
				TARGETED_DEVICE_FAMILY = "1,2";
			};
			name = Release;
		};
		DA62F3752ADA8E1C009189EB /* Debug */ = {
			isa = XCBuildConfiguration;
			buildSettings = {
				ALWAYS_EMBED_SWIFT_STANDARD_LIBRARIES = YES;
				BUNDLE_LOADER = "$(TEST_HOST)";
				CODE_SIGN_STYLE = Automatic;
				CURRENT_PROJECT_VERSION = 1;
				GENERATE_INFOPLIST_FILE = YES;
				IPHONEOS_DEPLOYMENT_TARGET = 16.4;
				MARKETING_VERSION = 1.0;
				PRODUCT_BUNDLE_IDENTIFIER = com.robertrovenko.sidehustlersTests;
				PRODUCT_NAME = "$(TARGET_NAME)";
				SWIFT_EMIT_LOC_STRINGS = NO;
				SWIFT_VERSION = 5.0;
				TARGETED_DEVICE_FAMILY = "1,2";
				TEST_HOST = "$(BUILT_PRODUCTS_DIR)/sidehustlers.app/$(BUNDLE_EXECUTABLE_FOLDER_PATH)/sidehustlers";
			};
			name = Debug;
		};
		DA62F3762ADA8E1C009189EB /* Release */ = {
			isa = XCBuildConfiguration;
			buildSettings = {
				ALWAYS_EMBED_SWIFT_STANDARD_LIBRARIES = YES;
				BUNDLE_LOADER = "$(TEST_HOST)";
				CODE_SIGN_STYLE = Automatic;
				CURRENT_PROJECT_VERSION = 1;
				GENERATE_INFOPLIST_FILE = YES;
				IPHONEOS_DEPLOYMENT_TARGET = 16.4;
				MARKETING_VERSION = 1.0;
				PRODUCT_BUNDLE_IDENTIFIER = com.robertrovenko.sidehustlersTests;
				PRODUCT_NAME = "$(TARGET_NAME)";
				SWIFT_EMIT_LOC_STRINGS = NO;
				SWIFT_VERSION = 5.0;
				TARGETED_DEVICE_FAMILY = "1,2";
				TEST_HOST = "$(BUILT_PRODUCTS_DIR)/sidehustlers.app/$(BUNDLE_EXECUTABLE_FOLDER_PATH)/sidehustlers";
			};
			name = Release;
		};
		DA62F3782ADA8E1C009189EB /* Debug */ = {
			isa = XCBuildConfiguration;
			buildSettings = {
				ALWAYS_EMBED_SWIFT_STANDARD_LIBRARIES = YES;
				CODE_SIGN_STYLE = Automatic;
				CURRENT_PROJECT_VERSION = 1;
				GENERATE_INFOPLIST_FILE = YES;
				MARKETING_VERSION = 1.0;
				PRODUCT_BUNDLE_IDENTIFIER = com.robertrovenko.sidehustlersUITests;
				PRODUCT_NAME = "$(TARGET_NAME)";
				SWIFT_EMIT_LOC_STRINGS = NO;
				SWIFT_VERSION = 5.0;
				TARGETED_DEVICE_FAMILY = "1,2";
				TEST_TARGET_NAME = sidehustlers;
			};
			name = Debug;
		};
		DA62F3792ADA8E1C009189EB /* Release */ = {
			isa = XCBuildConfiguration;
			buildSettings = {
				ALWAYS_EMBED_SWIFT_STANDARD_LIBRARIES = YES;
				CODE_SIGN_STYLE = Automatic;
				CURRENT_PROJECT_VERSION = 1;
				GENERATE_INFOPLIST_FILE = YES;
				MARKETING_VERSION = 1.0;
				PRODUCT_BUNDLE_IDENTIFIER = com.robertrovenko.sidehustlersUITests;
				PRODUCT_NAME = "$(TARGET_NAME)";
				SWIFT_EMIT_LOC_STRINGS = NO;
				SWIFT_VERSION = 5.0;
				TARGETED_DEVICE_FAMILY = "1,2";
				TEST_TARGET_NAME = sidehustlers;
			};
			name = Release;
		};
/* End XCBuildConfiguration section */

/* Begin XCConfigurationList section */
		DA62F3482ADA8E1A009189EB /* Build configuration list for PBXProject "sidehustlers" */ = {
			isa = XCConfigurationList;
			buildConfigurations = (
				DA62F36F2ADA8E1C009189EB /* Debug */,
				DA62F3702ADA8E1C009189EB /* Release */,
			);
			defaultConfigurationIsVisible = 0;
			defaultConfigurationName = Release;
		};
		DA62F3712ADA8E1C009189EB /* Build configuration list for PBXNativeTarget "sidehustlers" */ = {
			isa = XCConfigurationList;
			buildConfigurations = (
				DA62F3722ADA8E1C009189EB /* Debug */,
				DA62F3732ADA8E1C009189EB /* Release */,
			);
			defaultConfigurationIsVisible = 0;
			defaultConfigurationName = Release;
		};
		DA62F3742ADA8E1C009189EB /* Build configuration list for PBXNativeTarget "sidehustlersTests" */ = {
			isa = XCConfigurationList;
			buildConfigurations = (
				DA62F3752ADA8E1C009189EB /* Debug */,
				DA62F3762ADA8E1C009189EB /* Release */,
			);
			defaultConfigurationIsVisible = 0;
			defaultConfigurationName = Release;
		};
		DA62F3772ADA8E1C009189EB /* Build configuration list for PBXNativeTarget "sidehustlersUITests" */ = {
			isa = XCConfigurationList;
			buildConfigurations = (
				DA62F3782ADA8E1C009189EB /* Debug */,
				DA62F3792ADA8E1C009189EB /* Release */,
			);
			defaultConfigurationIsVisible = 0;
			defaultConfigurationName = Release;
		};
/* End XCConfigurationList section */

/* Begin XCRemoteSwiftPackageReference section */
		DA62F37C2ADA93B4009189EB /* XCRemoteSwiftPackageReference "firebase-ios-sdk" */ = {
			isa = XCRemoteSwiftPackageReference;
			repositoryURL = "https://github.com/firebase/firebase-ios-sdk";
			requirement = {
				kind = upToNextMajorVersion;
				minimumVersion = 10.0.0;
			};
		};
/* End XCRemoteSwiftPackageReference section */

/* Begin XCSwiftPackageProductDependency section */
		DA62F37D2ADA93B4009189EB /* FirebaseAuth */ = {
			isa = XCSwiftPackageProductDependency;
			package = DA62F37C2ADA93B4009189EB /* XCRemoteSwiftPackageReference "firebase-ios-sdk" */;
			productName = FirebaseAuth;
		};
		DA62F37F2ADA93B4009189EB /* FirebaseAuthCombine-Community */ = {
			isa = XCSwiftPackageProductDependency;
			package = DA62F37C2ADA93B4009189EB /* XCRemoteSwiftPackageReference "firebase-ios-sdk" */;
			productName = "FirebaseAuthCombine-Community";
		};
		DA62F3812ADA93B4009189EB /* FirebaseDatabase */ = {
			isa = XCSwiftPackageProductDependency;
			package = DA62F37C2ADA93B4009189EB /* XCRemoteSwiftPackageReference "firebase-ios-sdk" */;
			productName = FirebaseDatabase;
		};
		DA62F3832ADA93B4009189EB /* FirebaseDatabaseSwift */ = {
			isa = XCSwiftPackageProductDependency;
			package = DA62F37C2ADA93B4009189EB /* XCRemoteSwiftPackageReference "firebase-ios-sdk" */;
			productName = FirebaseDatabaseSwift;
		};
		DA62F3852ADA93B4009189EB /* FirebaseFirestore */ = {
			isa = XCSwiftPackageProductDependency;
			package = DA62F37C2ADA93B4009189EB /* XCRemoteSwiftPackageReference "firebase-ios-sdk" */;
			productName = FirebaseFirestore;
		};
		DA62F3872ADA93B4009189EB /* FirebaseFirestoreCombine-Community */ = {
			isa = XCSwiftPackageProductDependency;
			package = DA62F37C2ADA93B4009189EB /* XCRemoteSwiftPackageReference "firebase-ios-sdk" */;
			productName = "FirebaseFirestoreCombine-Community";
		};
		DA62F3892ADA93B4009189EB /* FirebaseFirestoreSwift */ = {
			isa = XCSwiftPackageProductDependency;
			package = DA62F37C2ADA93B4009189EB /* XCRemoteSwiftPackageReference "firebase-ios-sdk" */;
			productName = FirebaseFirestoreSwift;
		};
/* End XCSwiftPackageProductDependency section */
	};
	rootObject = DA62F3452ADA8E1A009189EB /* Project object */;
}
